
Microsoft Visual Studio Solution File, Format Version 12.00
# Visual Studio Version 17
VisualStudioVersion = 17.4.33213.308
MinimumVisualStudioVersion = 10.0.40219.1
Project("{9A19103F-16F7-4668-BE54-9A1E7A4F7556}") = "CodeScreen.Assessments.TweetsApi", "CodeScreen.Assessments.TweetsApi.csproj", "{02054D57-D487-4667-A898-1E25B4448713}"
EndProject
Global
	GlobalSection(SolutionConfigurationPlatforms) = preSolution
		Debug|Any CPU = Debug|Any CPU
		Release|Any CPU = Release|Any CPU
	EndGlobalSection
	GlobalSection(ProjectConfigurationPlatforms) = postSolution
		{02054D57-D487-4667-A898-1E25B4448713}.Debug|Any CPU.ActiveCfg = Debug|Any CPU
		{02054D57-D487-4667-A898-1E25B4448713}.Debug|Any CPU.Build.0 = Debug|Any CPU
		{02054D57-D487-4667-A898-1E25B4448713}.Release|Any CPU.ActiveCfg = Release|Any CPU
		{02054D57-D487-4667-A898-1E25B4448713}.Release|Any CPU.Build.0 = Release|Any CPU
	EndGlobalSection
	GlobalSection(SolutionProperties) = preSolution
		HideSolutionNode = FALSE
	EndGlobalSection
	GlobalSection(ExtensibilityGlobals) = postSolution
		SolutionGuid = {11CD81F1-3455-433D-8269-9E4C8A4ECE9C}
	EndGlobalSection
EndGlobal
